{
  "name": "castable-video",
  "version": "1.0.6",
  "lockfileVersion": 2,
  "requires": true,
  "packages": {
    "": {
      "name": "castable-video",
      "version": "1.0.6",
      "license": "MIT",
      "dependencies": {
        "custom-media-element": "~1.2.2"
      },
      "devDependencies": {
        "wet-run": "^1.0.1"
      }
    },
    "node_modules/@hono/node-server": {
      "version": "1.4.0",
      "resolved": "https://registry.npmjs.org/@hono/node-server/-/node-server-1.4.0.tgz",
      "integrity": "sha512-bhDkhldW7w9VgjrX0gG1vJ2YyvTxFWd5WG9nHjSR4UauhVECQZC3qy7mVVuQ054I5NWhKttHfKzYfoPzmUzAjw==",
      "dev": true,
      "engines": {
        "node": ">=18.14.1"
      }
    },
    "node_modules/custom-media-element": {
      "version": "1.2.2",
      "resolved": "https://registry.npmjs.org/custom-media-element/-/custom-media-element-1.2.2.tgz",
      "integrity": "sha512-tI+NjVRS485QlSxHeM3JIjdEZSJMLOZVp41/vvWukDmIkZSoYG9gLYl9GFZGBpY42UbRVo1eMlF7XkI/IiDHzQ=="
    },
    "node_modules/hono": {
      "version": "3.11.12",
      "resolved": "https://registry.npmjs.org/hono/-/hono-3.11.12.tgz",
      "integrity": "sha512-TrxH75bc0m2UbvrhaXkoo32A9OhkJtvICAYgYWtxqLDOxBjRqSikyp4K7HTbnWkPeg9Z+2Q3nv0dN4o8kL6yLg==",
      "dev": true,
      "engines": {
        "node": ">=16.0.0"
      }
    },
    "node_modules/playwright-core": {
      "version": "1.40.1",
      "resolved": "https://registry.npmjs.org/playwright-core/-/playwright-core-1.40.1.tgz",
      "integrity": "sha512-+hkOycxPiV534c4HhpfX6yrlawqVUzITRKwHAmYfmsVreltEl6fAZJ3DPfLMOODw0H3s1Itd6MDCWmP1fl/QvQ==",
      "dev": true,
      "bin": {
        "playwright-core": "cli.js"
      },
      "engines": {
        "node": ">=16"
      }
    },
    "node_modules/wet-run": {
      "version": "1.0.1",
      "resolved": "https://registry.npmjs.org/wet-run/-/wet-run-1.0.1.tgz",
      "integrity": "sha512-7/sougGpiJ2yNPY9VazJR38enb52JjP2QcRzQPw6PgkopW3PSp3h0HoMFPXh+ACpEodL1le0CtXxJ+8PnAaI2Q==",
      "dev": true,
      "dependencies": {
        "@hono/node-server": "^1.3.3",
        "hono": "^3.11.7",
        "playwright-core": "^1.40.1",
        "ws": "^8.15.1"
      },
      "bin": {
        "wet": "src/cli.js"
      },
      "engines": {
        "node": ">=18.3.0"
      }
    },
    "node_modules/ws": {
      "version": "8.16.0",
      "resolved": "https://registry.npmjs.org/ws/-/ws-8.16.0.tgz",
      "integrity": "sha512-HS0c//TP7Ina87TfiPUz1rQzMhHrl/SG2guqRcTOIUYD2q8uhUdNHZYJUaQ8aTGPzCh+c6oawMKW35nFl1dxyQ==",
      "dev": true,
      "engines": {
        "node": ">=10.0.0"
      },
      "peerDependencies": {
        "bufferutil": "^4.0.1",
        "utf-8-validate": ">=5.0.2"
      },
      "peerDependenciesMeta": {
        "bufferutil": {
          "optional": true
        },
        "utf-8-validate": {
          "optional": true
        }
      }
    }
  },
  "dependencies": {
    "@hono/node-server": {
      "version": "1.4.0",
      "resolved": "https://registry.npmjs.org/@hono/node-server/-/node-server-1.4.0.tgz",
      "integrity": "sha512-bhDkhldW7w9VgjrX0gG1vJ2YyvTxFWd5WG9nHjSR4UauhVECQZC3qy7mVVuQ054I5NWhKttHfKzYfoPzmUzAjw==",
      "dev": true
    },
    "custom-media-element": {
      "version": "1.2.2",
      "resolved": "https://registry.npmjs.org/custom-media-element/-/custom-media-element-1.2.2.tgz",
      "integrity": "sha512-tI+NjVRS485QlSxHeM3JIjdEZSJMLOZVp41/vvWukDmIkZSoYG9gLYl9GFZGBpY42UbRVo1eMlF7XkI/IiDHzQ=="
    },
    "hono": {
      "version": "3.11.12",
      "resolved": "https://registry.npmjs.org/hono/-/hono-3.11.12.tgz",
      "integrity": "sha512-TrxH75bc0m2UbvrhaXkoo32A9OhkJtvICAYgYWtxqLDOxBjRqSikyp4K7HTbnWkPeg9Z+2Q3nv0dN4o8kL6yLg==",
      "dev": true
    },
    "playwright-core": {
      "version": "1.40.1",
      "resolved": "https://registry.npmjs.org/playwright-core/-/playwright-core-1.40.1.tgz",
      "integrity": "sha512-+hkOycxPiV534c4HhpfX6yrlawqVUzITRKwHAmYfmsVreltEl6fAZJ3DPfLMOODw0H3s1Itd6MDCWmP1fl/QvQ==",
      "dev": true
    },
    "wet-run": {
      "version": "1.0.1",
      "resolved": "https://registry.npmjs.org/wet-run/-/wet-run-1.0.1.tgz",
      "integrity": "sha512-7/sougGpiJ2yNPY9VazJR38enb52JjP2QcRzQPw6PgkopW3PSp3h0HoMFPXh+ACpEodL1le0CtXxJ+8PnAaI2Q==",
      "dev": true,
      "requires": {
        "@hono/node-server": "^1.3.3",
        "hono": "^3.11.7",
        "playwright-core": "^1.40.1",
        "ws": "^8.15.1"
      }
    },
    "ws": {
      "version": "8.16.0",
      "resolved": "https://registry.npmjs.org/ws/-/ws-8.16.0.tgz",
      "integrity": "sha512-HS0c//TP7Ina87TfiPUz1rQzMhHrl/SG2guqRcTOIUYD2q8uhUdNHZYJUaQ8aTGPzCh+c6oawMKW35nFl1dxyQ==",
      "dev": true,
      "requires": {}
    }
  }
}
